
Microsoft Visual Studio Solution File, Format Version 12.00
# Visual Studio Version 17
VisualStudioVersion = 17.14.36623.8
MinimumVisualStudioVersion = 10.0.40219.1
Project("{FAE04EC0-301F-11D3-BF4B-00C04F79EFBC}") = "TE4POS", "TE4POS.csproj", "{3A0C7DD3-9345-A646-A9EE-EA4E588B3AB3}"
EndProject
Project("{FAE04EC0-301F-11D3-BF4B-00C04F79EFBC}") = "Tests", "..\Tests\Tests.csproj", "{AEC1003A-F6D2-C24B-8EFF-80A817BE465D}"
EndProject
Project("{54435603-DBB4-11D2-8724-00A0C9A8B90C}") = "CaféBullenPOSInstall", "..\CaféBullenPOSInstal\CaféBullenPOSInstal.vdproj", "{E22D8DAA-B466-20F1-16E4-49FDBC6D3C24}"
EndProject
Global
	GlobalSection(SolutionConfigurationPlatforms) = preSolution
		Debug|Any CPU = Debug|Any CPU
		Release|Any CPU = Release|Any CPU
	EndGlobalSection
	GlobalSection(ProjectConfigurationPlatforms) = postSolution
		{3A0C7DD3-9345-A646-A9EE-EA4E588B3AB3}.Debug|Any CPU.ActiveCfg = Debug|Any CPU
		{3A0C7DD3-9345-A646-A9EE-EA4E588B3AB3}.Debug|Any CPU.Build.0 = Debug|Any CPU
		{3A0C7DD3-9345-A646-A9EE-EA4E588B3AB3}.Release|Any CPU.ActiveCfg = Release|Any CPU
		{3A0C7DD3-9345-A646-A9EE-EA4E588B3AB3}.Release|Any CPU.Build.0 = Release|Any CPU
		{AEC1003A-F6D2-C24B-8EFF-80A817BE465D}.Debug|Any CPU.ActiveCfg = Debug|Any CPU
		{AEC1003A-F6D2-C24B-8EFF-80A817BE465D}.Debug|Any CPU.Build.0 = Debug|Any CPU
		{AEC1003A-F6D2-C24B-8EFF-80A817BE465D}.Release|Any CPU.ActiveCfg = Release|Any CPU
		{AEC1003A-F6D2-C24B-8EFF-80A817BE465D}.Release|Any CPU.Build.0 = Release|Any CPU
		{E22D8DAA-B466-20F1-16E4-49FDBC6D3C24}.Debug|Any CPU.ActiveCfg = Debug
		{E22D8DAA-B466-20F1-16E4-49FDBC6D3C24}.Release|Any CPU.ActiveCfg = Release
	EndGlobalSection
	GlobalSection(SolutionProperties) = preSolution
		HideSolutionNode = FALSE
	EndGlobalSection
	GlobalSection(ExtensibilityGlobals) = postSolution
		SolutionGuid = {63735C37-5304-41CB-AAE9-8982F7C8777F}
	EndGlobalSection
EndGlobal
