
Microsoft Visual Studio Solution File, Format Version 12.00
# Visual Studio Version 17
VisualStudioVersion = 17.14.36623.8
MinimumVisualStudioVersion = 10.0.40219.1
Project("{FAE04EC0-301F-11D3-BF4B-00C04F79EFBC}") = "TE4POS", "TE4POS.csproj", "{411BD276-2649-4F84-A565-410E37A0C169}"
EndProject
Project("{FAE04EC0-301F-11D3-BF4B-00C04F79EFBC}") = "Tests", "..\TestProject1\Tests.csproj", "{4CB51B50-BFAC-49B1-82C6-7DA377064627}"
EndProject
Global
	GlobalSection(SolutionConfigurationPlatforms) = preSolution
		Debug|Any CPU = Debug|Any CPU
		Release|Any CPU = Release|Any CPU
	EndGlobalSection
	GlobalSection(ProjectConfigurationPlatforms) = postSolution
		{411BD276-2649-4F84-A565-410E37A0C169}.Debug|Any CPU.ActiveCfg = Debug|Any CPU
		{411BD276-2649-4F84-A565-410E37A0C169}.Debug|Any CPU.Build.0 = Debug|Any CPU
		{411BD276-2649-4F84-A565-410E37A0C169}.Release|Any CPU.ActiveCfg = Release|Any CPU
		{411BD276-2649-4F84-A565-410E37A0C169}.Release|Any CPU.Build.0 = Release|Any CPU
		{4CB51B50-BFAC-49B1-82C6-7DA377064627}.Debug|Any CPU.ActiveCfg = Debug|Any CPU
		{4CB51B50-BFAC-49B1-82C6-7DA377064627}.Debug|Any CPU.Build.0 = Debug|Any CPU
		{4CB51B50-BFAC-49B1-82C6-7DA377064627}.Release|Any CPU.ActiveCfg = Release|Any CPU
		{4CB51B50-BFAC-49B1-82C6-7DA377064627}.Release|Any CPU.Build.0 = Release|Any CPU
	EndGlobalSection
	GlobalSection(SolutionProperties) = preSolution
		HideSolutionNode = FALSE
	EndGlobalSection
	GlobalSection(ExtensibilityGlobals) = postSolution
		SolutionGuid = {9535CF49-1108-4D6A-8169-D9B211CCCAE2}
	EndGlobalSection
EndGlobal
